// !$*UTF8*$!
{
	archiveVersion = 1;
	classes = {
	};
	objectVersion = 56;
	objects = {

/* Begin PBXBuildFile section */
		A24A74B62C50908E00ACC54E /* PlanController.swift in Sources */ = {isa = PBXBuildFile; fileRef = A24A74B52C50908E00ACC54E /* PlanController.swift */; };
		A24A74B82C50921A00ACC54E /* PlanView.swift in Sources */ = {isa = PBXBuildFile; fileRef = A24A74B72C50921A00ACC54E /* PlanView.swift */; };
		A24A74BE2C50961B00ACC54E /* ImageController.swift in Sources */ = {isa = PBXBuildFile; fileRef = A24A74BD2C50961B00ACC54E /* ImageController.swift */; };
		A29517952C46927100C9B3EC /* OpenAI in Frameworks */ = {isa = PBXBuildFile; productRef = A29517942C46927100C9B3EC /* OpenAI */; };
		A29DC9762C29287900AAE7FA /* TripPlannerApp.swift in Sources */ = {isa = PBXBuildFile; fileRef = A29DC9752C29287900AAE7FA /* TripPlannerApp.swift */; };
		A29DC9782C29287900AAE7FA /* ContentView.swift in Sources */ = {isa = PBXBuildFile; fileRef = A29DC9772C29287900AAE7FA /* ContentView.swift */; };
		A29DC97A2C29287C00AAE7FA /* Assets.xcassets in Resources */ = {isa = PBXBuildFile; fileRef = A29DC9792C29287C00AAE7FA /* Assets.xcassets */; };
		A29DC97D2C29287C00AAE7FA /* Preview Assets.xcassets in Resources */ = {isa = PBXBuildFile; fileRef = A29DC97C2C29287C00AAE7FA /* Preview Assets.xcassets */; };
		A29DC9872C29287D00AAE7FA /* TripPlannerTests.swift in Sources */ = {isa = PBXBuildFile; fileRef = A29DC9862C29287D00AAE7FA /* TripPlannerTests.swift */; };
		A29DC9912C29287D00AAE7FA /* TripPlannerUITests.swift in Sources */ = {isa = PBXBuildFile; fileRef = A29DC9902C29287D00AAE7FA /* TripPlannerUITests.swift */; };
		A29DC9932C29287D00AAE7FA /* TripPlannerUITestsLaunchTests.swift in Sources */ = {isa = PBXBuildFile; fileRef = A29DC9922C29287D00AAE7FA /* TripPlannerUITestsLaunchTests.swift */; };
/* End PBXBuildFile section */

/* Begin PBXContainerItemProxy section */
		A29DC9832C29287D00AAE7FA /* PBXContainerItemProxy */ = {
			isa = PBXContainerItemProxy;
			containerPortal = A29DC96A2C29287900AAE7FA /* Project object */;
			proxyType = 1;
			remoteGlobalIDString = A29DC9712C29287900AAE7FA;
			remoteInfo = TripPlanner;
		};
		A29DC98D2C29287D00AAE7FA /* PBXContainerItemProxy */ = {
			isa = PBXContainerItemProxy;
			containerPortal = A29DC96A2C29287900AAE7FA /* Project object */;
			proxyType = 1;
			remoteGlobalIDString = A29DC9712C29287900AAE7FA;
			remoteInfo = TripPlanner;
		};
/* End PBXContainerItemProxy section */

/* Begin PBXFileReference section */
		A24A74B52C50908E00ACC54E /* PlanController.swift */ = {isa = PBXFileReference; lastKnownFileType = sourcecode.swift; path = PlanController.swift; sourceTree = "<group>"; };
		A24A74B72C50921A00ACC54E /* PlanView.swift */ = {isa = PBXFileReference; lastKnownFileType = sourcecode.swift; path = PlanView.swift; sourceTree = "<group>"; };
		A24A74BD2C50961B00ACC54E /* ImageController.swift */ = {isa = PBXFileReference; lastKnownFileType = sourcecode.swift; path = ImageController.swift; sourceTree = "<group>"; };
		A29DC9722C29287900AAE7FA /* TripPlanner.app */ = {isa = PBXFileReference; explicitFileType = wrapper.application; includeInIndex = 0; path = TripPlanner.app; sourceTree = BUILT_PRODUCTS_DIR; };
		A29DC9752C29287900AAE7FA /* TripPlannerApp.swift */ = {isa = PBXFileReference; lastKnownFileType = sourcecode.swift; path = TripPlannerApp.swift; sourceTree = "<group>"; };
		A29DC9772C29287900AAE7FA /* ContentView.swift */ = {isa = PBXFileReference; lastKnownFileType = sourcecode.swift; path = ContentView.swift; sourceTree = "<group>"; };
		A29DC9792C29287C00AAE7FA /* Assets.xcassets */ = {isa = PBXFileReference; lastKnownFileType = folder.assetcatalog; path = Assets.xcassets; sourceTree = "<group>"; };
		A29DC97C2C29287C00AAE7FA /* Preview Assets.xcassets */ = {isa = PBXFileReference; lastKnownFileType = folder.assetcatalog; path = "Preview Assets.xcassets"; sourceTree = "<group>"; };
		A29DC9822C29287D00AAE7FA /* TripPlannerTests.xctest */ = {isa = PBXFileReference; explicitFileType = wrapper.cfbundle; includeInIndex = 0; path = TripPlannerTests.xctest; sourceTree = BUILT_PRODUCTS_DIR; };
		A29DC9862C29287D00AAE7FA /* TripPlannerTests.swift */ = {isa = PBXFileReference; lastKnownFileType = sourcecode.swift; path = TripPlannerTests.swift; sourceTree = "<group>"; };
		A29DC98C2C29287D00AAE7FA /* TripPlannerUITests.xctest */ = {isa = PBXFileReference; explicitFileType = wrapper.cfbundle; includeInIndex = 0; path = TripPlannerUITests.xctest; sourceTree = BUILT_PRODUCTS_DIR; };
		A29DC9902C29287D00AAE7FA /* TripPlannerUITests.swift */ = {isa = PBXFileReference; lastKnownFileType = sourcecode.swift; path = TripPlannerUITests.swift; sourceTree = "<group>"; };
		A29DC9922C29287D00AAE7FA /* TripPlannerUITestsLaunchTests.swift */ = {isa = PBXFileReference; lastKnownFileType = sourcecode.swift; path = TripPlannerUITestsLaunchTests.swift; sourceTree = "<group>"; };
/* End PBXFileReference section */

/* Begin PBXFrameworksBuildPhase section */
		A29DC96F2C29287900AAE7FA /* Frameworks */ = {
			isa = PBXFrameworksBuildPhase;
			buildActionMask = 2147483647;
			files = (
				A29517952C46927100C9B3EC /* OpenAI in Frameworks */,
			);
			runOnlyForDeploymentPostprocessing = 0;
		};
		A29DC97F2C29287D00AAE7FA /* Frameworks */ = {
			isa = PBXFrameworksBuildPhase;
			buildActionMask = 2147483647;
			files = (
			);
			runOnlyForDeploymentPostprocessing = 0;
		};
		A29DC9892C29287D00AAE7FA /* Frameworks */ = {
			isa = PBXFrameworksBuildPhase;
			buildActionMask = 2147483647;
			files = (
			);
			runOnlyForDeploymentPostprocessing = 0;
		};
/* End PBXFrameworksBuildPhase section */

/* Begin PBXGroup section */
		A24A74BC2C50942300ACC54E /* Controller */ = {
			isa = PBXGroup;
			children = (
				A24A74B52C50908E00ACC54E /* PlanController.swift */,
				A24A74BD2C50961B00ACC54E /* ImageController.swift */,
			);
			path = Controller;
			sourceTree = "<group>";
		};
		A29DC9692C29287900AAE7FA = {
			isa = PBXGroup;
			children = (
				A29DC9742C29287900AAE7FA /* TripPlanner */,
				A29DC9852C29287D00AAE7FA /* TripPlannerTests */,
				A29DC98F2C29287D00AAE7FA /* TripPlannerUITests */,
				A29DC9732C29287900AAE7FA /* Products */,
			);
			sourceTree = "<group>";
		};
		A29DC9732C29287900AAE7FA /* Products */ = {
			isa = PBXGroup;
			children = (
				A29DC9722C29287900AAE7FA /* TripPlanner.app */,
				A29DC9822C29287D00AAE7FA /* TripPlannerTests.xctest */,
				A29DC98C2C29287D00AAE7FA /* TripPlannerUITests.xctest */,
			);
			name = Products;
			sourceTree = "<group>";
		};
		A29DC9742C29287900AAE7FA /* TripPlanner */ = {
			isa = PBXGroup;
			children = (
				A24A74BC2C50942300ACC54E /* Controller */,
				A29DC9752C29287900AAE7FA /* TripPlannerApp.swift */,
				A29DC9772C29287900AAE7FA /* ContentView.swift */,
				A24A74B72C50921A00ACC54E /* PlanView.swift */,
				A29DC9792C29287C00AAE7FA /* Assets.xcassets */,
				A29DC97C2C29287C00AAE7FA /* Preview Assets.xcassets */,
				A29DC97B2C29287C00AAE7FA /* Preview Content */,
			);
			path = TripPlanner;
			sourceTree = "<group>";
		};
		A29DC97B2C29287C00AAE7FA /* Preview Content */ = {
			isa = PBXGroup;
			children = (
			);
			path = "Preview Content";
			sourceTree = "<group>";
		};
		A29DC9852C29287D00AAE7FA /* TripPlannerTests */ = {
			isa = PBXGroup;
			children = (
				A29DC9862C29287D00AAE7FA /* TripPlannerTests.swift */,
			);
			path = TripPlannerTests;
			sourceTree = "<group>";
		};
		A29DC98F2C29287D00AAE7FA /* TripPlannerUITests */ = {
			isa = PBXGroup;
			children = (
				A29DC9902C29287D00AAE7FA /* TripPlannerUITests.swift */,
				A29DC9922C29287D00AAE7FA /* TripPlannerUITestsLaunchTests.swift */,
			);
			path = TripPlannerUITests;
			sourceTree = "<group>";
		};
/* End PBXGroup section */

/* Begin PBXNativeTarget section */
		A29DC9712C29287900AAE7FA /* TripPlanner */ = {
			isa = PBXNativeTarget;
			buildConfigurationList = A29DC9962C29287D00AAE7FA /* Build configuration list for PBXNativeTarget "TripPlanner" */;
			buildPhases = (
				A29DC96E2C29287900AAE7FA /* Sources */,
				A29DC96F2C29287900AAE7FA /* Frameworks */,
				A29DC9702C29287900AAE7FA /* Resources */,
			);
			buildRules = (
			);
			dependencies = (
			);
			name = TripPlanner;
			packageProductDependencies = (
				A29517942C46927100C9B3EC /* OpenAI */,
			);
			productName = TripPlanner;
			productReference = A29DC9722C29287900AAE7FA /* TripPlanner.app */;
			productType = "com.apple.product-type.application";
		};
		A29DC9812C29287D00AAE7FA /* TripPlannerTests */ = {
			isa = PBXNativeTarget;
			buildConfigurationList = A29DC9992C29287D00AAE7FA /* Build configuration list for PBXNativeTarget "TripPlannerTests" */;
			buildPhases = (
				A29DC97E2C29287D00AAE7FA /* Sources */,
				A29DC97F2C29287D00AAE7FA /* Frameworks */,
				A29DC9802C29287D00AAE7FA /* Resources */,
			);
			buildRules = (
			);
			dependencies = (
				A29DC9842C29287D00AAE7FA /* PBXTargetDependency */,
			);
			name = TripPlannerTests;
			productName = TripPlannerTests;
			productReference = A29DC9822C29287D00AAE7FA /* TripPlannerTests.xctest */;
			productType = "com.apple.product-type.bundle.unit-test";
		};
		A29DC98B2C29287D00AAE7FA /* TripPlannerUITests */ = {
			isa = PBXNativeTarget;
			buildConfigurationList = A29DC99C2C29287D00AAE7FA /* Build configuration list for PBXNativeTarget "TripPlannerUITests" */;
			buildPhases = (
				A29DC9882C29287D00AAE7FA /* Sources */,
				A29DC9892C29287D00AAE7FA /* Frameworks */,
				A29DC98A2C29287D00AAE7FA /* Resources */,
			);
			buildRules = (
			);
			dependencies = (
				A29DC98E2C29287D00AAE7FA /* PBXTargetDependency */,
			);
			name = TripPlannerUITests;
			productName = TripPlannerUITests;
			productReference = A29DC98C2C29287D00AAE7FA /* TripPlannerUITests.xctest */;
			productType = "com.apple.product-type.bundle.ui-testing";
		};
/* End PBXNativeTarget section */

/* Begin PBXProject section */
		A29DC96A2C29287900AAE7FA /* Project object */ = {
			isa = PBXProject;
			attributes = {
				BuildIndependentTargetsInParallel = 1;
				LastSwiftUpdateCheck = 1540;
				LastUpgradeCheck = 1540;
				TargetAttributes = {
					A29DC9712C29287900AAE7FA = {
						CreatedOnToolsVersion = 15.4;
					};
					A29DC9812C29287D00AAE7FA = {
						CreatedOnToolsVersion = 15.4;
						TestTargetID = A29DC9712C29287900AAE7FA;
					};
					A29DC98B2C29287D00AAE7FA = {
						CreatedOnToolsVersion = 15.4;
						TestTargetID = A29DC9712C29287900AAE7FA;
					};
				};
			};
			buildConfigurationList = A29DC96D2C29287900AAE7FA /* Build configuration list for PBXProject "TripPlanner" */;
			compatibilityVersion = "Xcode 14.0";
			developmentRegion = en;
			hasScannedForEncodings = 0;
			knownRegions = (
				en,
				Base,
			);
			mainGroup = A29DC9692C29287900AAE7FA;
			packageReferences = (
				A29517932C46927100C9B3EC /* XCRemoteSwiftPackageReference "OpenAI" */,
			);
			productRefGroup = A29DC9732C29287900AAE7FA /* Products */;
			projectDirPath = "";
			projectRoot = "";
			targets = (
				A29DC9712C29287900AAE7FA /* TripPlanner */,
				A29DC9812C29287D00AAE7FA /* TripPlannerTests */,
				A29DC98B2C29287D00AAE7FA /* TripPlannerUITests */,
			);
		};
/* End PBXProject section */

/* Begin PBXResourcesBuildPhase section */
		A29DC9702C29287900AAE7FA /* Resources */ = {
			isa = PBXResourcesBuildPhase;
			buildActionMask = 2147483647;
			files = (
				A29DC97D2C29287C00AAE7FA /* Preview Assets.xcassets in Resources */,
				A29DC97A2C29287C00AAE7FA /* Assets.xcassets in Resources */,
			);
			runOnlyForDeploymentPostprocessing = 0;
		};
		A29DC9802C29287D00AAE7FA /* Resources */ = {
			isa = PBXResourcesBuildPhase;
			buildActionMask = 2147483647;
			files = (
			);
			runOnlyForDeploymentPostprocessing = 0;
		};
		A29DC98A2C29287D00AAE7FA /* Resources */ = {
			isa = PBXResourcesBuildPhase;
			buildActionMask = 2147483647;
			files = (
			);
			runOnlyForDeploymentPostprocessing = 0;
		};
/* End PBXResourcesBuildPhase section */

/* Begin PBXSourcesBuildPhase section */
		A29DC96E2C29287900AAE7FA /* Sources */ = {
			isa = PBXSourcesBuildPhase;
			buildActionMask = 2147483647;
			files = (
				A29DC9782C29287900AAE7FA /* ContentView.swift in Sources */,
				A29DC9762C29287900AAE7FA /* TripPlannerApp.swift in Sources */,
				A24A74B62C50908E00ACC54E /* PlanController.swift in Sources */,
				A24A74B82C50921A00ACC54E /* PlanView.swift in Sources */,
				A24A74BE2C50961B00ACC54E /* ImageController.swift in Sources */,
			);
			runOnlyForDeploymentPostprocessing = 0;
		};
		A29DC97E2C29287D00AAE7FA /* Sources */ = {
			isa = PBXSourcesBuildPhase;
			buildActionMask = 2147483647;
			files = (
				A29DC9872C29287D00AAE7FA /* TripPlannerTests.swift in Sources */,
			);
			runOnlyForDeploymentPostprocessing = 0;
		};
		A29DC9882C29287D00AAE7FA /* Sources */ = {
			isa = PBXSourcesBuildPhase;
			buildActionMask = 2147483647;
			files = (
				A29DC9932C29287D00AAE7FA /* TripPlannerUITestsLaunchTests.swift in Sources */,
				A29DC9912C29287D00AAE7FA /* TripPlannerUITests.swift in Sources */,
			);
			runOnlyForDeploymentPostprocessing = 0;
		};
/* End PBXSourcesBuildPhase section */

/* Begin PBXTargetDependency section */
		A29DC9842C29287D00AAE7FA /* PBXTargetDependency */ = {
			isa = PBXTargetDependency;
			target = A29DC9712C29287900AAE7FA /* TripPlanner */;
			targetProxy = A29DC9832C29287D00AAE7FA /* PBXContainerItemProxy */;
		};
		A29DC98E2C29287D00AAE7FA /* PBXTargetDependency */ = {
			isa = PBXTargetDependency;
			target = A29DC9712C29287900AAE7FA /* TripPlanner */;
			targetProxy = A29DC98D2C29287D00AAE7FA /* PBXContainerItemProxy */;
		};
/* End PBXTargetDependency section */

/* Begin XCBuildConfiguration section */
		A29DC9942C29287D00AAE7FA /* Debug */ = {
			isa = XCBuildConfiguration;
			buildSettings = {
				ALWAYS_SEARCH_USER_PATHS = NO;
				ASSETCATALOG_COMPILER_GENERATE_SWIFT_ASSET_SYMBOL_EXTENSIONS = YES;
				CLANG_ANALYZER_NONNULL = YES;
				CLANG_ANALYZER_NUMBER_OBJECT_CONVERSION = YES_AGGRESSIVE;
				CLANG_CXX_LANGUAGE_STANDARD = "gnu++20";
				CLANG_ENABLE_MODULES = YES;
				CLANG_ENABLE_OBJC_ARC = YES;
				CLANG_ENABLE_OBJC_WEAK = YES;
				CLANG_WARN_BLOCK_CAPTURE_AUTORELEASING = YES;
				CLANG_WARN_BOOL_CONVERSION = YES;
				CLANG_WARN_COMMA = YES;
				CLANG_WARN_CONSTANT_CONVERSION = YES;
				CLANG_WARN_DEPRECATED_OBJC_IMPLEMENTATIONS = YES;
				CLANG_WARN_DIRECT_OBJC_ISA_USAGE = YES_ERROR;
				CLANG_WARN_DOCUMENTATION_COMMENTS = YES;
				CLANG_WARN_EMPTY_BODY = YES;
				CLANG_WARN_ENUM_CONVERSION = YES;
				CLANG_WARN_INFINITE_RECURSION = YES;
				CLANG_WARN_INT_CONVERSION = YES;
				CLANG_WARN_NON_LITERAL_NULL_CONVERSION = YES;
				CLANG_WARN_OBJC_IMPLICIT_RETAIN_SELF = YES;
				CLANG_WARN_OBJC_LITERAL_CONVERSION = YES;
				CLANG_WARN_OBJC_ROOT_CLASS = YES_ERROR;
				CLANG_WARN_QUOTED_INCLUDE_IN_FRAMEWORK_HEADER = YES;
				CLANG_WARN_RANGE_LOOP_ANALYSIS = YES;
				CLANG_WARN_STRICT_PROTOTYPES = YES;
				CLANG_WARN_SUSPICIOUS_MOVE = YES;
				CLANG_WARN_UNGUARDED_AVAILABILITY = YES_AGGRESSIVE;
				CLANG_WARN_UNREACHABLE_CODE = YES;
				CLANG_WARN__DUPLICATE_METHOD_MATCH = YES;
				COPY_PHASE_STRIP = NO;
				DEBUG_INFORMATION_FORMAT = dwarf;
				ENABLE_STRICT_OBJC_MSGSEND = YES;
				ENABLE_TESTABILITY = YES;
				ENABLE_USER_SCRIPT_SANDBOXING = YES;
				GCC_C_LANGUAGE_STANDARD = gnu17;
				GCC_DYNAMIC_NO_PIC = NO;
				GCC_NO_COMMON_BLOCKS = YES;
				GCC_OPTIMIZATION_LEVEL = 0;
				GCC_PREPROCESSOR_DEFINITIONS = (
					"DEBUG=1",
					"$(inherited)",
				);
				GCC_WARN_64_TO_32_BIT_CONVERSION = YES;
				GCC_WARN_ABOUT_RETURN_TYPE = YES_ERROR;
				GCC_WARN_UNDECLARED_SELECTOR = YES;
				GCC_WARN_UNINITIALIZED_AUTOS = YES_AGGRESSIVE;
				GCC_WARN_UNUSED_FUNCTION = YES;
				GCC_WARN_UNUSED_VARIABLE = YES;
				IPHONEOS_DEPLOYMENT_TARGET = 17.5;
				LOCALIZATION_PREFERS_STRING_CATALOGS = YES;
				MTL_ENABLE_DEBUG_INFO = INCLUDE_SOURCE;
				MTL_FAST_MATH = YES;
				ONLY_ACTIVE_ARCH = YES;
				SDKROOT = iphoneos;
				SWIFT_ACTIVE_COMPILATION_CONDITIONS = "DEBUG $(inherited)";
				SWIFT_OPTIMIZATION_LEVEL = "-Onone";
			};
			name = Debug;
		};
		A29DC9952C29287D00AAE7FA /* Release */ = {
			isa = XCBuildConfiguration;
			buildSettings = {
				ALWAYS_SEARCH_USER_PATHS = NO;
				ASSETCATALOG_COMPILER_GENERATE_SWIFT_ASSET_SYMBOL_EXTENSIONS = YES;
				CLANG_ANALYZER_NONNULL = YES;
				CLANG_ANALYZER_NUMBER_OBJECT_CONVERSION = YES_AGGRESSIVE;
				CLANG_CXX_LANGUAGE_STANDARD = "gnu++20";
				CLANG_ENABLE_MODULES = YES;
				CLANG_ENABLE_OBJC_ARC = YES;
				CLANG_ENABLE_OBJC_WEAK = YES;
				CLANG_WARN_BLOCK_CAPTURE_AUTORELEASING = YES;
				CLANG_WARN_BOOL_CONVERSION = YES;
				CLANG_WARN_COMMA = YES;
				CLANG_WARN_CONSTANT_CONVERSION = YES;
				CLANG_WARN_DEPRECATED_OBJC_IMPLEMENTATIONS = YES;
				CLANG_WARN_DIRECT_OBJC_ISA_USAGE = YES_ERROR;
				CLANG_WARN_DOCUMENTATION_COMMENTS = YES;
				CLANG_WARN_EMPTY_BODY = YES;
				CLANG_WARN_ENUM_CONVERSION = YES;
				CLANG_WARN_INFINITE_RECURSION = YES;
				CLANG_WARN_INT_CONVERSION = YES;
				CLANG_WARN_NON_LITERAL_NULL_CONVERSION = YES;
				CLANG_WARN_OBJC_IMPLICIT_RETAIN_SELF = YES;
				CLANG_WARN_OBJC_LITERAL_CONVERSION = YES;
				CLANG_WARN_OBJC_ROOT_CLASS = YES_ERROR;
				CLANG_WARN_QUOTED_INCLUDE_IN_FRAMEWORK_HEADER = YES;
				CLANG_WARN_RANGE_LOOP_ANALYSIS = YES;
				CLANG_WARN_STRICT_PROTOTYPES = YES;
				CLANG_WARN_SUSPICIOUS_MOVE = YES;
				CLANG_WARN_UNGUARDED_AVAILABILITY = YES_AGGRESSIVE;
				CLANG_WARN_UNREACHABLE_CODE = YES;
				CLANG_WARN__DUPLICATE_METHOD_MATCH = YES;
				COPY_PHASE_STRIP = NO;
				DEBUG_INFORMATION_FORMAT = "dwarf-with-dsym";
				ENABLE_NS_ASSERTIONS = NO;
				ENABLE_STRICT_OBJC_MSGSEND = YES;
				ENABLE_USER_SCRIPT_SANDBOXING = YES;
				GCC_C_LANGUAGE_STANDARD = gnu17;
				GCC_NO_COMMON_BLOCKS = YES;
				GCC_WARN_64_TO_32_BIT_CONVERSION = YES;
				GCC_WARN_ABOUT_RETURN_TYPE = YES_ERROR;
				GCC_WARN_UNDECLARED_SELECTOR = YES;
				GCC_WARN_UNINITIALIZED_AUTOS = YES_AGGRESSIVE;
				GCC_WARN_UNUSED_FUNCTION = YES;
				GCC_WARN_UNUSED_VARIABLE = YES;
				IPHONEOS_DEPLOYMENT_TARGET = 17.5;
				LOCALIZATION_PREFERS_STRING_CATALOGS = YES;
				MTL_ENABLE_DEBUG_INFO = NO;
				MTL_FAST_MATH = YES;
				SDKROOT = iphoneos;
				SWIFT_COMPILATION_MODE = wholemodule;
				VALIDATE_PRODUCT = YES;
			};
			name = Release;
		};
		A29DC9972C29287D00AAE7FA /* Debug */ = {
			isa = XCBuildConfiguration;
			buildSettings = {
				ASSETCATALOG_COMPILER_APPICON_NAME = AppIcon;
				ASSETCATALOG_COMPILER_GLOBAL_ACCENT_COLOR_NAME = AccentColor;
				CODE_SIGN_STYLE = Automatic;
				CURRENT_PROJECT_VERSION = 1;
				DEVELOPMENT_ASSET_PATHS = "\"TripPlanner/Preview Content\"";
				ENABLE_PREVIEWS = YES;
				GENERATE_INFOPLIST_FILE = YES;
				INFOPLIST_KEY_UIApplicationSceneManifest_Generation = YES;
				INFOPLIST_KEY_UIApplicationSupportsIndirectInputEvents = YES;
				INFOPLIST_KEY_UILaunchScreen_Generation = YES;
				INFOPLIST_KEY_UISupportedInterfaceOrientations_iPad = "UIInterfaceOrientationPortrait UIInterfaceOrientationPortraitUpsideDown UIInterfaceOrientationLandscapeLeft UIInterfaceOrientationLandscapeRight";
				INFOPLIST_KEY_UISupportedInterfaceOrientations_iPhone = "UIInterfaceOrientationPortrait UIInterfaceOrientationLandscapeLeft UIInterfaceOrientationLandscapeRight";
				LD_RUNPATH_SEARCH_PATHS = (
					"$(inherited)",
					"@executable_path/Frameworks",
				);
				MARKETING_VERSION = 1.0;
				PRODUCT_BUNDLE_IDENTIFIER = shwd.TripPlanner;
				PRODUCT_NAME = "$(TARGET_NAME)";
				SWIFT_EMIT_LOC_STRINGS = YES;
				SWIFT_VERSION = 5.0;
				TARGETED_DEVICE_FAMILY = "1,2";
			};
			name = Debug;
		};
		A29DC9982C29287D00AAE7FA /* Release */ = {
			isa = XCBuildConfiguration;
			buildSettings = {
				ASSETCATALOG_COMPILER_APPICON_NAME = AppIcon;
				ASSETCATALOG_COMPILER_GLOBAL_ACCENT_COLOR_NAME = AccentColor;
				CODE_SIGN_STYLE = Automatic;
				CURRENT_PROJECT_VERSION = 1;
				DEVELOPMENT_ASSET_PATHS = "\"TripPlanner/Preview Content\"";
				ENABLE_PREVIEWS = YES;
				GENERATE_INFOPLIST_FILE = YES;
				INFOPLIST_KEY_UIApplicationSceneManifest_Generation = YES;
				INFOPLIST_KEY_UIApplicationSupportsIndirectInputEvents = YES;
				INFOPLIST_KEY_UILaunchScreen_Generation = YES;
				INFOPLIST_KEY_UISupportedInterfaceOrientations_iPad = "UIInterfaceOrientationPortrait UIInterfaceOrientationPortraitUpsideDown UIInterfaceOrientationLandscapeLeft UIInterfaceOrientationLandscapeRight";
				INFOPLIST_KEY_UISupportedInterfaceOrientations_iPhone = "UIInterfaceOrientationPortrait UIInterfaceOrientationLandscapeLeft UIInterfaceOrientationLandscapeRight";
				LD_RUNPATH_SEARCH_PATHS = (
					"$(inherited)",
					"@executable_path/Frameworks",
				);
				MARKETING_VERSION = 1.0;
				PRODUCT_BUNDLE_IDENTIFIER = shwd.TripPlanner;
				PRODUCT_NAME = "$(TARGET_NAME)";
				SWIFT_EMIT_LOC_STRINGS = YES;
				SWIFT_VERSION = 5.0;
				TARGETED_DEVICE_FAMILY = "1,2";
			};
			name = Release;
		};
		A29DC99A2C29287D00AAE7FA /* Debug */ = {
			isa = XCBuildConfiguration;
			buildSettings = {
				ALWAYS_EMBED_SWIFT_STANDARD_LIBRARIES = YES;
				BUNDLE_LOADER = "$(TEST_HOST)";
				CODE_SIGN_STYLE = Automatic;
				CURRENT_PROJECT_VERSION = 1;
				GENERATE_INFOPLIST_FILE = YES;
				IPHONEOS_DEPLOYMENT_TARGET = 17.5;
				MARKETING_VERSION = 1.0;
				PRODUCT_BUNDLE_IDENTIFIER = shwd.TripPlannerTests;
				PRODUCT_NAME = "$(TARGET_NAME)";
				SWIFT_EMIT_LOC_STRINGS = NO;
				SWIFT_VERSION = 5.0;
				TARGETED_DEVICE_FAMILY = "1,2";
				TEST_HOST = "$(BUILT_PRODUCTS_DIR)/TripPlanner.app/$(BUNDLE_EXECUTABLE_FOLDER_PATH)/TripPlanner";
			};
			name = Debug;
		};
		A29DC99B2C29287D00AAE7FA /* Release */ = {
			isa = XCBuildConfiguration;
			buildSettings = {
				ALWAYS_EMBED_SWIFT_STANDARD_LIBRARIES = YES;
				BUNDLE_LOADER = "$(TEST_HOST)";
				CODE_SIGN_STYLE = Automatic;
				CURRENT_PROJECT_VERSION = 1;
				GENERATE_INFOPLIST_FILE = YES;
				IPHONEOS_DEPLOYMENT_TARGET = 17.5;
				MARKETING_VERSION = 1.0;
				PRODUCT_BUNDLE_IDENTIFIER = shwd.TripPlannerTests;
				PRODUCT_NAME = "$(TARGET_NAME)";
				SWIFT_EMIT_LOC_STRINGS = NO;
				SWIFT_VERSION = 5.0;
				TARGETED_DEVICE_FAMILY = "1,2";
				TEST_HOST = "$(BUILT_PRODUCTS_DIR)/TripPlanner.app/$(BUNDLE_EXECUTABLE_FOLDER_PATH)/TripPlanner";
			};
			name = Release;
		};
		A29DC99D2C29287D00AAE7FA /* Debug */ = {
			isa = XCBuildConfiguration;
			buildSettings = {
				ALWAYS_EMBED_SWIFT_STANDARD_LIBRARIES = YES;
				CODE_SIGN_STYLE = Automatic;
				CURRENT_PROJECT_VERSION = 1;
				GENERATE_INFOPLIST_FILE = YES;
				MARKETING_VERSION = 1.0;
				PRODUCT_BUNDLE_IDENTIFIER = shwd.TripPlannerUITests;
				PRODUCT_NAME = "$(TARGET_NAME)";
				SWIFT_EMIT_LOC_STRINGS = NO;
				SWIFT_VERSION = 5.0;
				TARGETED_DEVICE_FAMILY = "1,2";
				TEST_TARGET_NAME = TripPlanner;
			};
			name = Debug;
		};
		A29DC99E2C29287D00AAE7FA /* Release */ = {
			isa = XCBuildConfiguration;
			buildSettings = {
				ALWAYS_EMBED_SWIFT_STANDARD_LIBRARIES = YES;
				CODE_SIGN_STYLE = Automatic;
				CURRENT_PROJECT_VERSION = 1;
				GENERATE_INFOPLIST_FILE = YES;
				MARKETING_VERSION = 1.0;
				PRODUCT_BUNDLE_IDENTIFIER = shwd.TripPlannerUITests;
				PRODUCT_NAME = "$(TARGET_NAME)";
				SWIFT_EMIT_LOC_STRINGS = NO;
				SWIFT_VERSION = 5.0;
				TARGETED_DEVICE_FAMILY = "1,2";
				TEST_TARGET_NAME = TripPlanner;
			};
			name = Release;
		};
/* End XCBuildConfiguration section */

/* Begin XCConfigurationList section */
		A29DC96D2C29287900AAE7FA /* Build configuration list for PBXProject "TripPlanner" */ = {
			isa = XCConfigurationList;
			buildConfigurations = (
				A29DC9942C29287D00AAE7FA /* Debug */,
				A29DC9952C29287D00AAE7FA /* Release */,
			);
			defaultConfigurationIsVisible = 0;
			defaultConfigurationName = Release;
		};
		A29DC9962C29287D00AAE7FA /* Build configuration list for PBXNativeTarget "TripPlanner" */ = {
			isa = XCConfigurationList;
			buildConfigurations = (
				A29DC9972C29287D00AAE7FA /* Debug */,
				A29DC9982C29287D00AAE7FA /* Release */,
			);
			defaultConfigurationIsVisible = 0;
			defaultConfigurationName = Release;
		};
		A29DC9992C29287D00AAE7FA /* Build configuration list for PBXNativeTarget "TripPlannerTests" */ = {
			isa = XCConfigurationList;
			buildConfigurations = (
				A29DC99A2C29287D00AAE7FA /* Debug */,
				A29DC99B2C29287D00AAE7FA /* Release */,
			);
			defaultConfigurationIsVisible = 0;
			defaultConfigurationName = Release;
		};
		A29DC99C2C29287D00AAE7FA /* Build configuration list for PBXNativeTarget "TripPlannerUITests" */ = {
			isa = XCConfigurationList;
			buildConfigurations = (
				A29DC99D2C29287D00AAE7FA /* Debug */,
				A29DC99E2C29287D00AAE7FA /* Release */,
			);
			defaultConfigurationIsVisible = 0;
			defaultConfigurationName = Release;
		};
/* End XCConfigurationList section */

/* Begin XCRemoteSwiftPackageReference section */
		A29517932C46927100C9B3EC /* XCRemoteSwiftPackageReference "OpenAI" */ = {
			isa = XCRemoteSwiftPackageReference;
			repositoryURL = "https://github.com/MacPaw/OpenAI.git";
			requirement = {
				kind = upToNextMajorVersion;
				minimumVersion = 0.2.9;
			};
		};
/* End XCRemoteSwiftPackageReference section */

/* Begin XCSwiftPackageProductDependency section */
		A29517942C46927100C9B3EC /* OpenAI */ = {
			isa = XCSwiftPackageProductDependency;
			package = A29517932C46927100C9B3EC /* XCRemoteSwiftPackageReference "OpenAI" */;
			productName = OpenAI;
		};
/* End XCSwiftPackageProductDependency section */
	};
	rootObject = A29DC96A2C29287900AAE7FA /* Project object */;
}
