// !$*UTF8*$!
{
	archiveVersion = 1;
	classes = {
	};
	objectVersion = 56;
	objects = {

/* Begin PBXBuildFile section */
		B545CE73CFB789D6E39EA22B /* Pods_TripPlanner3.framework in Frameworks */ = {isa = PBXBuildFile; fileRef = 73D99151A11AE8CBB7350A40 /* Pods_TripPlanner3.framework */; };
		DB3A67872CB24ADA0092CE75 /* button.swift in Sources */ = {isa = PBXBuildFile; fileRef = DB3A67862CB24ADA0092CE75 /* button.swift */; };
		DB3A678B2CB2749D0092CE75 /* DayActivities.swift in Sources */ = {isa = PBXBuildFile; fileRef = DB3A678A2CB2749D0092CE75 /* DayActivities.swift */; };
		DB3A678D2CB279C30092CE75 /* iteneraryModels.swift in Sources */ = {isa = PBXBuildFile; fileRef = DB3A678C2CB279C30092CE75 /* iteneraryModels.swift */; };
		DB3D11662C6199E50067E215 /* AppDelegate.swift in Sources */ = {isa = PBXBuildFile; fileRef = DB3D11652C6199E50067E215 /* AppDelegate.swift */; };
		DB3D11682C6199E50067E215 /* SceneDelegate.swift in Sources */ = {isa = PBXBuildFile; fileRef = DB3D11672C6199E50067E215 /* SceneDelegate.swift */; };
		DB3D11722C6199E60067E215 /* Base in Resources */ = {isa = PBXBuildFile; fileRef = DB3D11712C6199E60067E215 /* Base */; };
		DB3D117D2C6199E60067E215 /* TripPlanner3Tests.swift in Sources */ = {isa = PBXBuildFile; fileRef = DB3D117C2C6199E60067E215 /* TripPlanner3Tests.swift */; };
		DB3D11872C6199E60067E215 /* TripPlanner3UITests.swift in Sources */ = {isa = PBXBuildFile; fileRef = DB3D11862C6199E60067E215 /* TripPlanner3UITests.swift */; };
		DB3D11892C6199E60067E215 /* TripPlanner3UITestsLaunchTests.swift in Sources */ = {isa = PBXBuildFile; fileRef = DB3D11882C6199E60067E215 /* TripPlanner3UITestsLaunchTests.swift */; };
		DB3D11982C6447790067E215 /* ForgotPasswordController.swift in Sources */ = {isa = PBXBuildFile; fileRef = DB3D11972C6447790067E215 /* ForgotPasswordController.swift */; };
		DB3D119A2C6447930067E215 /* HomeController.swift in Sources */ = {isa = PBXBuildFile; fileRef = DB3D11992C6447930067E215 /* HomeController.swift */; };
		DB3D119C2C6447AA0067E215 /* LoginController.swift in Sources */ = {isa = PBXBuildFile; fileRef = DB3D119B2C6447AA0067E215 /* LoginController.swift */; };
		DB3D119E2C6447C10067E215 /* RegisterController.swift in Sources */ = {isa = PBXBuildFile; fileRef = DB3D119D2C6447C10067E215 /* RegisterController.swift */; };
		DB3D11A12C6447F80067E215 /* AuthHeaderView.swift in Sources */ = {isa = PBXBuildFile; fileRef = DB3D11A02C6447F80067E215 /* AuthHeaderView.swift */; };
		DB3D11A32C64480E0067E215 /* CustomButton.swift in Sources */ = {isa = PBXBuildFile; fileRef = DB3D11A22C64480E0067E215 /* CustomButton.swift */; };
		DB3D11A52C6448270067E215 /* CustomTextField.swift in Sources */ = {isa = PBXBuildFile; fileRef = DB3D11A42C6448270067E215 /* CustomTextField.swift */; };
		DB3D11A72C64486C0067E215 /* AlertManager.swift in Sources */ = {isa = PBXBuildFile; fileRef = DB3D11A62C64486C0067E215 /* AlertManager.swift */; };
		DB3D11A92C64488F0067E215 /* WebViewerController.swift in Sources */ = {isa = PBXBuildFile; fileRef = DB3D11A82C64488F0067E215 /* WebViewerController.swift */; };
		DB3D11AB2C644AFA0067E215 /* GoogleService-Info.plist in Resources */ = {isa = PBXBuildFile; fileRef = DB3D11AA2C644AFA0067E215 /* GoogleService-Info.plist */; };
		DB3D11AD2C64515F0067E215 /* AuthService.swift in Sources */ = {isa = PBXBuildFile; fileRef = DB3D11AC2C64515F0067E215 /* AuthService.swift */; };
		DB3D11B02C6451AE0067E215 /* RegiserUserRequest.swift in Sources */ = {isa = PBXBuildFile; fileRef = DB3D11AF2C6451AE0067E215 /* RegiserUserRequest.swift */; };
		DB3D11B22C6451CA0067E215 /* LoginUserRequest.swift in Sources */ = {isa = PBXBuildFile; fileRef = DB3D11B12C6451CA0067E215 /* LoginUserRequest.swift */; };
		DB3D11B42C645A610067E215 /* Validator.swift in Sources */ = {isa = PBXBuildFile; fileRef = DB3D11B32C645A610067E215 /* Validator.swift */; };
		DB3D11B62C645AAD0067E215 /*  User.swift in Sources */ = {isa = PBXBuildFile; fileRef = DB3D11B52C645AAD0067E215 /*  User.swift */; };
		DBC8A0522C894BD80034CA2D /* SecondView.swift in Sources */ = {isa = PBXBuildFile; fileRef = DBC8A0512C894BD80034CA2D /* SecondView.swift */; };
		DBC8A0542C8D63B60034CA2D /* SplashController.swift in Sources */ = {isa = PBXBuildFile; fileRef = DBC8A0532C8D63B60034CA2D /* SplashController.swift */; };
		DBC8A0562C8D64FE0034CA2D /* IntroController.swift in Sources */ = {isa = PBXBuildFile; fileRef = DBC8A0552C8D64FE0034CA2D /* IntroController.swift */; };
		DBC8A0582C8E82F10034CA2D /* Assets.xcassets in Resources */ = {isa = PBXBuildFile; fileRef = DB3D116E2C6199E60067E215 /* Assets.xcassets */; };
		DBC8A05C2C955CF20034CA2D /* ProfileView.swift in Sources */ = {isa = PBXBuildFile; fileRef = DBC8A05B2C955CF20034CA2D /* ProfileView.swift */; };
		DBC8A05E2C9560920034CA2D /* ImagePicker.swift in Sources */ = {isa = PBXBuildFile; fileRef = DBC8A05D2C9560920034CA2D /* ImagePicker.swift */; };
		DBC8A06A2C9622730034CA2D /* RoundedCorner.swift in Sources */ = {isa = PBXBuildFile; fileRef = DBC8A0692C9622730034CA2D /* RoundedCorner.swift */; };
		DBC8A0702C962E050034CA2D /* ProfileHeaderView.swift in Sources */ = {isa = PBXBuildFile; fileRef = DBC8A06F2C962E050034CA2D /* ProfileHeaderView.swift */; };
		DBC8A0722C962FFC0034CA2D /* SettingsView.swift in Sources */ = {isa = PBXBuildFile; fileRef = DBC8A0712C962FFC0034CA2D /* SettingsView.swift */; };
		DBC8A0742C966B510034CA2D /* ChangePasswordView.swift in Sources */ = {isa = PBXBuildFile; fileRef = DBC8A0732C966B510034CA2D /* ChangePasswordView.swift */; };
		DBC8A0762C966C770034CA2D /* PastTripsView.swift in Sources */ = {isa = PBXBuildFile; fileRef = DBC8A0752C966C770034CA2D /* PastTripsView.swift */; };
		DBC8A0782C9695A80034CA2D /* PlanController.swift in Sources */ = {isa = PBXBuildFile; fileRef = DBC8A0772C9695A80034CA2D /* PlanController.swift */; };
		DBC8A07B2C96964C0034CA2D /* OpenAI in Frameworks */ = {isa = PBXBuildFile; productRef = DBC8A07A2C96964C0034CA2D /* OpenAI */; };
		DBC8A07D2C96969C0034CA2D /* ImageController.swift in Sources */ = {isa = PBXBuildFile; fileRef = DBC8A07C2C96969C0034CA2D /* ImageController.swift */; };
		DBC8A07F2C96970D0034CA2D /* ItineraryView.swift in Sources */ = {isa = PBXBuildFile; fileRef = DBC8A07E2C96970D0034CA2D /* ItineraryView.swift */; };
		DBC8A0812C9697370034CA2D /* PlanView.swift in Sources */ = {isa = PBXBuildFile; fileRef = DBC8A0802C9697370034CA2D /* PlanView.swift */; };
		DBC8A0832C96975F0034CA2D /* DayActivityView.swift in Sources */ = {isa = PBXBuildFile; fileRef = DBC8A0822C96975F0034CA2D /* DayActivityView.swift */; };
		DBC8A0872C96B6AF0034CA2D /* ChangeEmailView.swift in Sources */ = {isa = PBXBuildFile; fileRef = DBC8A0862C96B6AF0034CA2D /* ChangeEmailView.swift */; };
/* End PBXBuildFile section */

/* Begin PBXContainerItemProxy section */
		DB3D11792C6199E60067E215 /* PBXContainerItemProxy */ = {
			isa = PBXContainerItemProxy;
			containerPortal = DB3D115A2C6199E50067E215 /* Project object */;
			proxyType = 1;
			remoteGlobalIDString = DB3D11612C6199E50067E215;
			remoteInfo = TripPlanner3;
		};
		DB3D11832C6199E60067E215 /* PBXContainerItemProxy */ = {
			isa = PBXContainerItemProxy;
			containerPortal = DB3D115A2C6199E50067E215 /* Project object */;
			proxyType = 1;
			remoteGlobalIDString = DB3D11612C6199E50067E215;
			remoteInfo = TripPlanner3;
		};
/* End PBXContainerItemProxy section */

/* Begin PBXFileReference section */
		73D99151A11AE8CBB7350A40 /* Pods_TripPlanner3.framework */ = {isa = PBXFileReference; explicitFileType = wrapper.framework; includeInIndex = 0; path = Pods_TripPlanner3.framework; sourceTree = BUILT_PRODUCTS_DIR; };
		7687867CE8263CFC0FC021CD /* Pods-TripPlanner3.debug.xcconfig */ = {isa = PBXFileReference; includeInIndex = 1; lastKnownFileType = text.xcconfig; name = "Pods-TripPlanner3.debug.xcconfig"; path = "Target Support Files/Pods-TripPlanner3/Pods-TripPlanner3.debug.xcconfig"; sourceTree = "<group>"; };
		9FEFD8157563E618C22E404D /* Pods-TripPlanner3.release.xcconfig */ = {isa = PBXFileReference; includeInIndex = 1; lastKnownFileType = text.xcconfig; name = "Pods-TripPlanner3.release.xcconfig"; path = "Target Support Files/Pods-TripPlanner3/Pods-TripPlanner3.release.xcconfig"; sourceTree = "<group>"; };
		DB3A67862CB24ADA0092CE75 /* button.swift */ = {isa = PBXFileReference; lastKnownFileType = sourcecode.swift; path = button.swift; sourceTree = "<group>"; };
		DB3A678A2CB2749D0092CE75 /* DayActivities.swift */ = {isa = PBXFileReference; lastKnownFileType = sourcecode.swift; path = DayActivities.swift; sourceTree = "<group>"; };
		DB3A678C2CB279C30092CE75 /* iteneraryModels.swift */ = {isa = PBXFileReference; lastKnownFileType = sourcecode.swift; path = iteneraryModels.swift; sourceTree = "<group>"; };
		DB3D11622C6199E50067E215 /* TripPlanner3.app */ = {isa = PBXFileReference; explicitFileType = wrapper.application; includeInIndex = 0; path = TripPlanner3.app; sourceTree = BUILT_PRODUCTS_DIR; };
		DB3D11652C6199E50067E215 /* AppDelegate.swift */ = {isa = PBXFileReference; lastKnownFileType = sourcecode.swift; path = AppDelegate.swift; sourceTree = "<group>"; };
		DB3D11672C6199E50067E215 /* SceneDelegate.swift */ = {isa = PBXFileReference; lastKnownFileType = sourcecode.swift; path = SceneDelegate.swift; sourceTree = "<group>"; };
		DB3D116E2C6199E60067E215 /* Assets.xcassets */ = {isa = PBXFileReference; lastKnownFileType = folder.assetcatalog; path = Assets.xcassets; sourceTree = "<group>"; };
		DB3D11712C6199E60067E215 /* Base */ = {isa = PBXFileReference; lastKnownFileType = file.storyboard; name = Base; path = Base.lproj/LaunchScreen.storyboard; sourceTree = "<group>"; };
		DB3D11732C6199E60067E215 /* Info.plist */ = {isa = PBXFileReference; lastKnownFileType = text.plist.xml; path = Info.plist; sourceTree = "<group>"; };
		DB3D11782C6199E60067E215 /* TripPlanner3Tests.xctest */ = {isa = PBXFileReference; explicitFileType = wrapper.cfbundle; includeInIndex = 0; path = TripPlanner3Tests.xctest; sourceTree = BUILT_PRODUCTS_DIR; };
		DB3D117C2C6199E60067E215 /* TripPlanner3Tests.swift */ = {isa = PBXFileReference; lastKnownFileType = sourcecode.swift; path = TripPlanner3Tests.swift; sourceTree = "<group>"; };
		DB3D11822C6199E60067E215 /* TripPlanner3UITests.xctest */ = {isa = PBXFileReference; explicitFileType = wrapper.cfbundle; includeInIndex = 0; path = TripPlanner3UITests.xctest; sourceTree = BUILT_PRODUCTS_DIR; };
		DB3D11862C6199E60067E215 /* TripPlanner3UITests.swift */ = {isa = PBXFileReference; lastKnownFileType = sourcecode.swift; path = TripPlanner3UITests.swift; sourceTree = "<group>"; };
		DB3D11882C6199E60067E215 /* TripPlanner3UITestsLaunchTests.swift */ = {isa = PBXFileReference; lastKnownFileType = sourcecode.swift; path = TripPlanner3UITestsLaunchTests.swift; sourceTree = "<group>"; };
		DB3D11972C6447790067E215 /* ForgotPasswordController.swift */ = {isa = PBXFileReference; lastKnownFileType = sourcecode.swift; path = ForgotPasswordController.swift; sourceTree = "<group>"; };
		DB3D11992C6447930067E215 /* HomeController.swift */ = {isa = PBXFileReference; lastKnownFileType = sourcecode.swift; path = HomeController.swift; sourceTree = "<group>"; };
		DB3D119B2C6447AA0067E215 /* LoginController.swift */ = {isa = PBXFileReference; lastKnownFileType = sourcecode.swift; path = LoginController.swift; sourceTree = "<group>"; };
		DB3D119D2C6447C10067E215 /* RegisterController.swift */ = {isa = PBXFileReference; lastKnownFileType = sourcecode.swift; path = RegisterController.swift; sourceTree = "<group>"; wrapsLines = 0; };
		DB3D11A02C6447F80067E215 /* AuthHeaderView.swift */ = {isa = PBXFileReference; lastKnownFileType = sourcecode.swift; path = AuthHeaderView.swift; sourceTree = "<group>"; };
		DB3D11A22C64480E0067E215 /* CustomButton.swift */ = {isa = PBXFileReference; lastKnownFileType = sourcecode.swift; path = CustomButton.swift; sourceTree = "<group>"; };
		DB3D11A42C6448270067E215 /* CustomTextField.swift */ = {isa = PBXFileReference; lastKnownFileType = sourcecode.swift; path = CustomTextField.swift; sourceTree = "<group>"; };
		DB3D11A62C64486C0067E215 /* AlertManager.swift */ = {isa = PBXFileReference; lastKnownFileType = sourcecode.swift; path = AlertManager.swift; sourceTree = "<group>"; };
		DB3D11A82C64488F0067E215 /* WebViewerController.swift */ = {isa = PBXFileReference; lastKnownFileType = sourcecode.swift; path = WebViewerController.swift; sourceTree = "<group>"; };
		DB3D11AA2C644AFA0067E215 /* GoogleService-Info.plist */ = {isa = PBXFileReference; fileEncoding = 4; lastKnownFileType = text.plist.xml; path = "GoogleService-Info.plist"; sourceTree = "<group>"; };
		DB3D11AC2C64515F0067E215 /* AuthService.swift */ = {isa = PBXFileReference; lastKnownFileType = sourcecode.swift; path = AuthService.swift; sourceTree = "<group>"; };
		DB3D11AF2C6451AE0067E215 /* RegiserUserRequest.swift */ = {isa = PBXFileReference; lastKnownFileType = sourcecode.swift; path = RegiserUserRequest.swift; sourceTree = "<group>"; };
		DB3D11B12C6451CA0067E215 /* LoginUserRequest.swift */ = {isa = PBXFileReference; lastKnownFileType = sourcecode.swift; path = LoginUserRequest.swift; sourceTree = "<group>"; };
		DB3D11B32C645A610067E215 /* Validator.swift */ = {isa = PBXFileReference; lastKnownFileType = sourcecode.swift; path = Validator.swift; sourceTree = "<group>"; };
		DB3D11B52C645AAD0067E215 /*  User.swift */ = {isa = PBXFileReference; lastKnownFileType = sourcecode.swift; path = " User.swift"; sourceTree = "<group>"; };
		DBC8A0512C894BD80034CA2D /* SecondView.swift */ = {isa = PBXFileReference; fileEncoding = 4; lastKnownFileType = sourcecode.swift; path = SecondView.swift; sourceTree = "<group>"; };
		DBC8A0532C8D63B60034CA2D /* SplashController.swift */ = {isa = PBXFileReference; lastKnownFileType = sourcecode.swift; path = SplashController.swift; sourceTree = "<group>"; };
		DBC8A0552C8D64FE0034CA2D /* IntroController.swift */ = {isa = PBXFileReference; lastKnownFileType = sourcecode.swift; path = IntroController.swift; sourceTree = "<group>"; };
		DBC8A05B2C955CF20034CA2D /* ProfileView.swift */ = {isa = PBXFileReference; lastKnownFileType = sourcecode.swift; path = ProfileView.swift; sourceTree = "<group>"; };
		DBC8A05D2C9560920034CA2D /* ImagePicker.swift */ = {isa = PBXFileReference; lastKnownFileType = sourcecode.swift; path = ImagePicker.swift; sourceTree = "<group>"; };
		DBC8A0692C9622730034CA2D /* RoundedCorner.swift */ = {isa = PBXFileReference; lastKnownFileType = sourcecode.swift; path = RoundedCorner.swift; sourceTree = "<group>"; };
		DBC8A06F2C962E050034CA2D /* ProfileHeaderView.swift */ = {isa = PBXFileReference; lastKnownFileType = sourcecode.swift; path = ProfileHeaderView.swift; sourceTree = "<group>"; };
		DBC8A0712C962FFC0034CA2D /* SettingsView.swift */ = {isa = PBXFileReference; lastKnownFileType = sourcecode.swift; path = SettingsView.swift; sourceTree = "<group>"; };
		DBC8A0732C966B510034CA2D /* ChangePasswordView.swift */ = {isa = PBXFileReference; lastKnownFileType = sourcecode.swift; path = ChangePasswordView.swift; sourceTree = "<group>"; };
		DBC8A0752C966C770034CA2D /* PastTripsView.swift */ = {isa = PBXFileReference; lastKnownFileType = sourcecode.swift; path = PastTripsView.swift; sourceTree = "<group>"; };
		DBC8A0772C9695A80034CA2D /* PlanController.swift */ = {isa = PBXFileReference; lastKnownFileType = sourcecode.swift; path = PlanController.swift; sourceTree = "<group>"; };
		DBC8A07C2C96969C0034CA2D /* ImageController.swift */ = {isa = PBXFileReference; lastKnownFileType = sourcecode.swift; path = ImageController.swift; sourceTree = "<group>"; };
		DBC8A07E2C96970D0034CA2D /* ItineraryView.swift */ = {isa = PBXFileReference; lastKnownFileType = sourcecode.swift; path = ItineraryView.swift; sourceTree = "<group>"; };
		DBC8A0802C9697370034CA2D /* PlanView.swift */ = {isa = PBXFileReference; lastKnownFileType = sourcecode.swift; path = PlanView.swift; sourceTree = "<group>"; };
		DBC8A0822C96975F0034CA2D /* DayActivityView.swift */ = {isa = PBXFileReference; lastKnownFileType = sourcecode.swift; path = DayActivityView.swift; sourceTree = "<group>"; };
		DBC8A0862C96B6AF0034CA2D /* ChangeEmailView.swift */ = {isa = PBXFileReference; lastKnownFileType = sourcecode.swift; path = ChangeEmailView.swift; sourceTree = "<group>"; };
/* End PBXFileReference section */

/* Begin PBXFrameworksBuildPhase section */
		DB3D115F2C6199E50067E215 /* Frameworks */ = {
			isa = PBXFrameworksBuildPhase;
			buildActionMask = 2147483647;
			files = (
				DBC8A07B2C96964C0034CA2D /* OpenAI in Frameworks */,
				B545CE73CFB789D6E39EA22B /* Pods_TripPlanner3.framework in Frameworks */,
			);
			runOnlyForDeploymentPostprocessing = 0;
		};
		DB3D11752C6199E60067E215 /* Frameworks */ = {
			isa = PBXFrameworksBuildPhase;
			buildActionMask = 2147483647;
			files = (
			);
			runOnlyForDeploymentPostprocessing = 0;
		};
		DB3D117F2C6199E60067E215 /* Frameworks */ = {
			isa = PBXFrameworksBuildPhase;
			buildActionMask = 2147483647;
			files = (
			);
			runOnlyForDeploymentPostprocessing = 0;
		};
/* End PBXFrameworksBuildPhase section */

/* Begin PBXGroup section */
		33897D499F52EA1020D3A075 /* Frameworks */ = {
			isa = PBXGroup;
			children = (
				73D99151A11AE8CBB7350A40 /* Pods_TripPlanner3.framework */,
			);
			name = Frameworks;
			sourceTree = "<group>";
		};
		6AD2D42CEF7B762EB0D4D971 /* Pods */ = {
			isa = PBXGroup;
			children = (
				7687867CE8263CFC0FC021CD /* Pods-TripPlanner3.debug.xcconfig */,
				9FEFD8157563E618C22E404D /* Pods-TripPlanner3.release.xcconfig */,
			);
			path = Pods;
			sourceTree = "<group>";
		};
		DB3D11592C6199E50067E215 = {
			isa = PBXGroup;
			children = (
				DBC8A08A2C96C0A30034CA2D /* icons */,
				DB3D11642C6199E50067E215 /* TripPlanner3 */,
				DB3D117B2C6199E60067E215 /* TripPlanner3Tests */,
				DB3D11852C6199E60067E215 /* TripPlanner3UITests */,
				DB3D11632C6199E50067E215 /* Products */,
				6AD2D42CEF7B762EB0D4D971 /* Pods */,
				33897D499F52EA1020D3A075 /* Frameworks */,
			);
			sourceTree = "<group>";
		};
		DB3D11632C6199E50067E215 /* Products */ = {
			isa = PBXGroup;
			children = (
				DB3D11622C6199E50067E215 /* TripPlanner3.app */,
				DB3D11782C6199E60067E215 /* TripPlanner3Tests.xctest */,
				DB3D11822C6199E60067E215 /* TripPlanner3UITests.xctest */,
			);
			name = Products;
			sourceTree = "<group>";
		};
		DB3D11642C6199E50067E215 /* TripPlanner3 */ = {
			isa = PBXGroup;
			children = (
				DBC8A05D2C9560920034CA2D /* ImagePicker.swift */,
				DB3D11AC2C64515F0067E215 /* AuthService.swift */,
				DB3D11A62C64486C0067E215 /* AlertManager.swift */,
				DB3D11B32C645A610067E215 /* Validator.swift */,
				DB3D11AE2C6451860067E215 /* Models */,
				DB3D11952C64464D0067E215 /* Controllers */,
				DB3D119F2C6447E40067E215 /* Views */,
				DB3D11962C6446860067E215 /* Supporting */,
				DB3D11732C6199E60067E215 /* Info.plist */,
				DB3D11A82C64488F0067E215 /* WebViewerController.swift */,
				DBC8A06F2C962E050034CA2D /* ProfileHeaderView.swift */,
			);
			path = TripPlanner3;
			sourceTree = "<group>";
		};
		DB3D117B2C6199E60067E215 /* TripPlanner3Tests */ = {
			isa = PBXGroup;
			children = (
				DB3D117C2C6199E60067E215 /* TripPlanner3Tests.swift */,
			);
			path = TripPlanner3Tests;
			sourceTree = "<group>";
		};
		DB3D11852C6199E60067E215 /* TripPlanner3UITests */ = {
			isa = PBXGroup;
			children = (
				DB3D11862C6199E60067E215 /* TripPlanner3UITests.swift */,
				DB3D11882C6199E60067E215 /* TripPlanner3UITestsLaunchTests.swift */,
			);
			path = TripPlanner3UITests;
			sourceTree = "<group>";
		};
		DB3D11952C64464D0067E215 /* Controllers */ = {
			isa = PBXGroup;
			children = (
				DBC8A0732C966B510034CA2D /* ChangePasswordView.swift */,
				DB3D11972C6447790067E215 /* ForgotPasswordController.swift */,
				DB3D11992C6447930067E215 /* HomeController.swift */,
				DB3D119B2C6447AA0067E215 /* LoginController.swift */,
				DB3D119D2C6447C10067E215 /* RegisterController.swift */,
				DBC8A0532C8D63B60034CA2D /* SplashController.swift */,
				DBC8A0552C8D64FE0034CA2D /* IntroController.swift */,
				DBC8A0772C9695A80034CA2D /* PlanController.swift */,
				DBC8A07C2C96969C0034CA2D /* ImageController.swift */,
				DB3A67862CB24ADA0092CE75 /* button.swift */,
			);
			path = Controllers;
			sourceTree = "<group>";
		};
		DB3D11962C6446860067E215 /* Supporting */ = {
			isa = PBXGroup;
			children = (
				DB3D11652C6199E50067E215 /* AppDelegate.swift */,
				DB3D11672C6199E50067E215 /* SceneDelegate.swift */,
				DB3D116E2C6199E60067E215 /* Assets.xcassets */,
				DB3D11702C6199E60067E215 /* LaunchScreen.storyboard */,
				DB3D11AA2C644AFA0067E215 /* GoogleService-Info.plist */,
			);
			path = Supporting;
			sourceTree = "<group>";
		};
		DB3D119F2C6447E40067E215 /* Views */ = {
			isa = PBXGroup;
			children = (
				DB3D11A02C6447F80067E215 /* AuthHeaderView.swift */,
				DB3D11A22C64480E0067E215 /* CustomButton.swift */,
				DB3D11A42C6448270067E215 /* CustomTextField.swift */,
				DBC8A07E2C96970D0034CA2D /* ItineraryView.swift */,
				DBC8A0802C9697370034CA2D /* PlanView.swift */,
				DBC8A0822C96975F0034CA2D /* DayActivityView.swift */,
				DBC8A0862C96B6AF0034CA2D /* ChangeEmailView.swift */,
				DB3A678A2CB2749D0092CE75 /* DayActivities.swift */,
				DB3A678C2CB279C30092CE75 /* iteneraryModels.swift */,
			);
			path = Views;
			sourceTree = "<group>";
		};
		DB3D11AE2C6451860067E215 /* Models */ = {
			isa = PBXGroup;
			children = (
				DB3D11AF2C6451AE0067E215 /* RegiserUserRequest.swift */,
				DB3D11B12C6451CA0067E215 /* LoginUserRequest.swift */,
				DB3D11B52C645AAD0067E215 /*  User.swift */,
				DBC8A0692C9622730034CA2D /* RoundedCorner.swift */,
			);
			path = Models;
			sourceTree = "<group>";
		};
		DBC8A08A2C96C0A30034CA2D /* icons */ = {
			isa = PBXGroup;
			children = (
				DBC8A0512C894BD80034CA2D /* SecondView.swift */,
				DBC8A0712C962FFC0034CA2D /* SettingsView.swift */,
				DBC8A05B2C955CF20034CA2D /* ProfileView.swift */,
				DBC8A0752C966C770034CA2D /* PastTripsView.swift */,
			);
			path = icons;
			sourceTree = "<group>";
		};
/* End PBXGroup section */

/* Begin PBXNativeTarget section */
		DB3D11612C6199E50067E215 /* TripPlanner3 */ = {
			isa = PBXNativeTarget;
			buildConfigurationList = DB3D118C2C6199E60067E215 /* Build configuration list for PBXNativeTarget "TripPlanner3" */;
			buildPhases = (
				995BC6EC077CDA2147469043 /* [CP] Check Pods Manifest.lock */,
				DB3D115E2C6199E50067E215 /* Sources */,
				DB3D115F2C6199E50067E215 /* Frameworks */,
				DB3D11602C6199E50067E215 /* Resources */,
				AACF5D38B7CCE5780130ADAC /* [CP] Embed Pods Frameworks */,
			);
			buildRules = (
			);
			dependencies = (
			);
			name = TripPlanner3;
			packageProductDependencies = (
				DBC8A07A2C96964C0034CA2D /* OpenAI */,
			);
			productName = TripPlanner3;
			productReference = DB3D11622C6199E50067E215 /* TripPlanner3.app */;
			productType = "com.apple.product-type.application";
		};
		DB3D11772C6199E60067E215 /* TripPlanner3Tests */ = {
			isa = PBXNativeTarget;
			buildConfigurationList = DB3D118F2C6199E60067E215 /* Build configuration list for PBXNativeTarget "TripPlanner3Tests" */;
			buildPhases = (
				DB3D11742C6199E60067E215 /* Sources */,
				DB3D11752C6199E60067E215 /* Frameworks */,
				DB3D11762C6199E60067E215 /* Resources */,
			);
			buildRules = (
			);
			dependencies = (
				DB3D117A2C6199E60067E215 /* PBXTargetDependency */,
			);
			name = TripPlanner3Tests;
			productName = TripPlanner3Tests;
			productReference = DB3D11782C6199E60067E215 /* TripPlanner3Tests.xctest */;
			productType = "com.apple.product-type.bundle.unit-test";
		};
		DB3D11812C6199E60067E215 /* TripPlanner3UITests */ = {
			isa = PBXNativeTarget;
			buildConfigurationList = DB3D11922C6199E60067E215 /* Build configuration list for PBXNativeTarget "TripPlanner3UITests" */;
			buildPhases = (
				DB3D117E2C6199E60067E215 /* Sources */,
				DB3D117F2C6199E60067E215 /* Frameworks */,
				DB3D11802C6199E60067E215 /* Resources */,
			);
			buildRules = (
			);
			dependencies = (
				DB3D11842C6199E60067E215 /* PBXTargetDependency */,
			);
			name = TripPlanner3UITests;
			productName = TripPlanner3UITests;
			productReference = DB3D11822C6199E60067E215 /* TripPlanner3UITests.xctest */;
			productType = "com.apple.product-type.bundle.ui-testing";
		};
/* End PBXNativeTarget section */

/* Begin PBXProject section */
		DB3D115A2C6199E50067E215 /* Project object */ = {
			isa = PBXProject;
			attributes = {
				BuildIndependentTargetsInParallel = 1;
				LastSwiftUpdateCheck = 1540;
				LastUpgradeCheck = 1540;
				TargetAttributes = {
					DB3D11612C6199E50067E215 = {
						CreatedOnToolsVersion = 15.4;
					};
					DB3D11772C6199E60067E215 = {
						CreatedOnToolsVersion = 15.4;
						TestTargetID = DB3D11612C6199E50067E215;
					};
					DB3D11812C6199E60067E215 = {
						CreatedOnToolsVersion = 15.4;
						TestTargetID = DB3D11612C6199E50067E215;
					};
				};
			};
			buildConfigurationList = DB3D115D2C6199E50067E215 /* Build configuration list for PBXProject "TripPlanner3" */;
			compatibilityVersion = "Xcode 14.0";
			developmentRegion = en;
			hasScannedForEncodings = 0;
			knownRegions = (
				en,
				Base,
			);
			mainGroup = DB3D11592C6199E50067E215;
			packageReferences = (
				DBC8A0792C96964C0034CA2D /* XCRemoteSwiftPackageReference "OpenAI" */,
			);
			productRefGroup = DB3D11632C6199E50067E215 /* Products */;
			projectDirPath = "";
			projectRoot = "";
			targets = (
				DB3D11612C6199E50067E215 /* TripPlanner3 */,
				DB3D11772C6199E60067E215 /* TripPlanner3Tests */,
				DB3D11812C6199E60067E215 /* TripPlanner3UITests */,
			);
		};
/* End PBXProject section */

/* Begin PBXResourcesBuildPhase section */
		DB3D11602C6199E50067E215 /* Resources */ = {
			isa = PBXResourcesBuildPhase;
			buildActionMask = 2147483647;
			files = (
				DB3D11722C6199E60067E215 /* Base in Resources */,
				DBC8A0582C8E82F10034CA2D /* Assets.xcassets in Resources */,
				DB3D11AB2C644AFA0067E215 /* GoogleService-Info.plist in Resources */,
			);
			runOnlyForDeploymentPostprocessing = 0;
		};
		DB3D11762C6199E60067E215 /* Resources */ = {
			isa = PBXResourcesBuildPhase;
			buildActionMask = 2147483647;
			files = (
			);
			runOnlyForDeploymentPostprocessing = 0;
		};
		DB3D11802C6199E60067E215 /* Resources */ = {
			isa = PBXResourcesBuildPhase;
			buildActionMask = 2147483647;
			files = (
			);
			runOnlyForDeploymentPostprocessing = 0;
		};
/* End PBXResourcesBuildPhase section */

/* Begin PBXShellScriptBuildPhase section */
		995BC6EC077CDA2147469043 /* [CP] Check Pods Manifest.lock */ = {
			isa = PBXShellScriptBuildPhase;
			buildActionMask = 2147483647;
			files = (
			);
			inputFileListPaths = (
			);
			inputPaths = (
				"${PODS_PODFILE_DIR_PATH}/Podfile.lock",
				"${PODS_ROOT}/Manifest.lock",
			);
			name = "[CP] Check Pods Manifest.lock";
			outputFileListPaths = (
			);
			outputPaths = (
				"$(DERIVED_FILE_DIR)/Pods-TripPlanner3-checkManifestLockResult.txt",
			);
			runOnlyForDeploymentPostprocessing = 0;
			shellPath = /bin/sh;
			shellScript = "diff \"${PODS_PODFILE_DIR_PATH}/Podfile.lock\" \"${PODS_ROOT}/Manifest.lock\" > /dev/null\nif [ $? != 0 ] ; then\n    # print error to STDERR\n    echo \"error: The sandbox is not in sync with the Podfile.lock. Run 'pod install' or update your CocoaPods installation.\" >&2\n    exit 1\nfi\n# This output is used by Xcode 'outputs' to avoid re-running this script phase.\necho \"SUCCESS\" > \"${SCRIPT_OUTPUT_FILE_0}\"\n";
			showEnvVarsInLog = 0;
		};
		AACF5D38B7CCE5780130ADAC /* [CP] Embed Pods Frameworks */ = {
			isa = PBXShellScriptBuildPhase;
			buildActionMask = 2147483647;
			files = (
			);
			inputFileListPaths = (
				"${PODS_ROOT}/Target Support Files/Pods-TripPlanner3/Pods-TripPlanner3-frameworks-${CONFIGURATION}-input-files.xcfilelist",
			);
			name = "[CP] Embed Pods Frameworks";
			outputFileListPaths = (
				"${PODS_ROOT}/Target Support Files/Pods-TripPlanner3/Pods-TripPlanner3-frameworks-${CONFIGURATION}-output-files.xcfilelist",
			);
			runOnlyForDeploymentPostprocessing = 0;
			shellPath = /bin/sh;
			shellScript = "\"${PODS_ROOT}/Target Support Files/Pods-TripPlanner3/Pods-TripPlanner3-frameworks.sh\"\n";
			showEnvVarsInLog = 0;
		};
/* End PBXShellScriptBuildPhase section */

/* Begin PBXSourcesBuildPhase section */
		DB3D115E2C6199E50067E215 /* Sources */ = {
			isa = PBXSourcesBuildPhase;
			buildActionMask = 2147483647;
			files = (
				DBC8A06A2C9622730034CA2D /* RoundedCorner.swift in Sources */,
				DB3D119A2C6447930067E215 /* HomeController.swift in Sources */,
				DB3D11B02C6451AE0067E215 /* RegiserUserRequest.swift in Sources */,
				DBC8A0562C8D64FE0034CA2D /* IntroController.swift in Sources */,
				DBC8A0762C966C770034CA2D /* PastTripsView.swift in Sources */,
				DBC8A05E2C9560920034CA2D /* ImagePicker.swift in Sources */,
				DB3D11662C6199E50067E215 /* AppDelegate.swift in Sources */,
				DB3D11A72C64486C0067E215 /* AlertManager.swift in Sources */,
				DBC8A07F2C96970D0034CA2D /* ItineraryView.swift in Sources */,
				DBC8A07D2C96969C0034CA2D /* ImageController.swift in Sources */,
				DB3D11B22C6451CA0067E215 /* LoginUserRequest.swift in Sources */,
				DB3D11B62C645AAD0067E215 /*  User.swift in Sources */,
				DB3D11A92C64488F0067E215 /* WebViewerController.swift in Sources */,
				DB3A678D2CB279C30092CE75 /* iteneraryModels.swift in Sources */,
				DB3D11AD2C64515F0067E215 /* AuthService.swift in Sources */,
				DBC8A0702C962E050034CA2D /* ProfileHeaderView.swift in Sources */,
				DBC8A0812C9697370034CA2D /* PlanView.swift in Sources */,
				DBC8A0542C8D63B60034CA2D /* SplashController.swift in Sources */,
				DB3D11B42C645A610067E215 /* Validator.swift in Sources */,
				DB3D119E2C6447C10067E215 /* RegisterController.swift in Sources */,
				DBC8A0872C96B6AF0034CA2D /* ChangeEmailView.swift in Sources */,
				DBC8A05C2C955CF20034CA2D /* ProfileView.swift in Sources */,
				DB3D11982C6447790067E215 /* ForgotPasswordController.swift in Sources */,
				DB3D11A32C64480E0067E215 /* CustomButton.swift in Sources */,
				DBC8A0832C96975F0034CA2D /* DayActivityView.swift in Sources */,
				DBC8A0742C966B510034CA2D /* ChangePasswordView.swift in Sources */,
				DB3D11682C6199E50067E215 /* SceneDelegate.swift in Sources */,
				DB3D119C2C6447AA0067E215 /* LoginController.swift in Sources */,
				DB3D11A12C6447F80067E215 /* AuthHeaderView.swift in Sources */,
				DB3D11A52C6448270067E215 /* CustomTextField.swift in Sources */,
				DBC8A0522C894BD80034CA2D /* SecondView.swift in Sources */,
				DB3A67872CB24ADA0092CE75 /* button.swift in Sources */,
				DB3A678B2CB2749D0092CE75 /* DayActivities.swift in Sources */,
				DBC8A0782C9695A80034CA2D /* PlanController.swift in Sources */,
				DBC8A0722C962FFC0034CA2D /* SettingsView.swift in Sources */,
			);
			runOnlyForDeploymentPostprocessing = 0;
		};
		DB3D11742C6199E60067E215 /* Sources */ = {
			isa = PBXSourcesBuildPhase;
			buildActionMask = 2147483647;
			files = (
				DB3D117D2C6199E60067E215 /* TripPlanner3Tests.swift in Sources */,
			);
			runOnlyForDeploymentPostprocessing = 0;
		};
		DB3D117E2C6199E60067E215 /* Sources */ = {
			isa = PBXSourcesBuildPhase;
			buildActionMask = 2147483647;
			files = (
				DB3D11892C6199E60067E215 /* TripPlanner3UITestsLaunchTests.swift in Sources */,
				DB3D11872C6199E60067E215 /* TripPlanner3UITests.swift in Sources */,
			);
			runOnlyForDeploymentPostprocessing = 0;
		};
/* End PBXSourcesBuildPhase section */

/* Begin PBXTargetDependency section */
		DB3D117A2C6199E60067E215 /* PBXTargetDependency */ = {
			isa = PBXTargetDependency;
			target = DB3D11612C6199E50067E215 /* TripPlanner3 */;
			targetProxy = DB3D11792C6199E60067E215 /* PBXContainerItemProxy */;
		};
		DB3D11842C6199E60067E215 /* PBXTargetDependency */ = {
			isa = PBXTargetDependency;
			target = DB3D11612C6199E50067E215 /* TripPlanner3 */;
			targetProxy = DB3D11832C6199E60067E215 /* PBXContainerItemProxy */;
		};
/* End PBXTargetDependency section */

/* Begin PBXVariantGroup section */
		DB3D11702C6199E60067E215 /* LaunchScreen.storyboard */ = {
			isa = PBXVariantGroup;
			children = (
				DB3D11712C6199E60067E215 /* Base */,
			);
			name = LaunchScreen.storyboard;
			sourceTree = "<group>";
		};
/* End PBXVariantGroup section */

/* Begin XCBuildConfiguration section */
		DB3D118A2C6199E60067E215 /* Debug */ = {
			isa = XCBuildConfiguration;
			buildSettings = {
				ALWAYS_SEARCH_USER_PATHS = NO;
				ASSETCATALOG_COMPILER_GENERATE_SWIFT_ASSET_SYMBOL_EXTENSIONS = YES;
				CLANG_ANALYZER_NONNULL = YES;
				CLANG_ANALYZER_NUMBER_OBJECT_CONVERSION = YES_AGGRESSIVE;
				CLANG_CXX_LANGUAGE_STANDARD = "gnu++20";
				CLANG_ENABLE_MODULES = YES;
				CLANG_ENABLE_OBJC_ARC = YES;
				CLANG_ENABLE_OBJC_WEAK = YES;
				CLANG_WARN_BLOCK_CAPTURE_AUTORELEASING = YES;
				CLANG_WARN_BOOL_CONVERSION = YES;
				CLANG_WARN_COMMA = YES;
				CLANG_WARN_CONSTANT_CONVERSION = YES;
				CLANG_WARN_DEPRECATED_OBJC_IMPLEMENTATIONS = YES;
				CLANG_WARN_DIRECT_OBJC_ISA_USAGE = YES_ERROR;
				CLANG_WARN_DOCUMENTATION_COMMENTS = YES;
				CLANG_WARN_EMPTY_BODY = YES;
				CLANG_WARN_ENUM_CONVERSION = YES;
				CLANG_WARN_INFINITE_RECURSION = YES;
				CLANG_WARN_INT_CONVERSION = YES;
				CLANG_WARN_NON_LITERAL_NULL_CONVERSION = YES;
				CLANG_WARN_OBJC_IMPLICIT_RETAIN_SELF = YES;
				CLANG_WARN_OBJC_LITERAL_CONVERSION = YES;
				CLANG_WARN_OBJC_ROOT_CLASS = YES_ERROR;
				CLANG_WARN_QUOTED_INCLUDE_IN_FRAMEWORK_HEADER = YES;
				CLANG_WARN_RANGE_LOOP_ANALYSIS = YES;
				CLANG_WARN_STRICT_PROTOTYPES = YES;
				CLANG_WARN_SUSPICIOUS_MOVE = YES;
				CLANG_WARN_UNGUARDED_AVAILABILITY = YES_AGGRESSIVE;
				CLANG_WARN_UNREACHABLE_CODE = YES;
				CLANG_WARN__DUPLICATE_METHOD_MATCH = YES;
				COPY_PHASE_STRIP = NO;
				DEBUG_INFORMATION_FORMAT = dwarf;
				ENABLE_STRICT_OBJC_MSGSEND = YES;
				ENABLE_TESTABILITY = YES;
				ENABLE_USER_SCRIPT_SANDBOXING = NO;
				GCC_C_LANGUAGE_STANDARD = gnu17;
				GCC_DYNAMIC_NO_PIC = NO;
				GCC_NO_COMMON_BLOCKS = YES;
				GCC_OPTIMIZATION_LEVEL = 0;
				GCC_PREPROCESSOR_DEFINITIONS = (
					"DEBUG=1",
					"$(inherited)",
				);
				GCC_WARN_64_TO_32_BIT_CONVERSION = YES;
				GCC_WARN_ABOUT_RETURN_TYPE = YES_ERROR;
				GCC_WARN_UNDECLARED_SELECTOR = YES;
				GCC_WARN_UNINITIALIZED_AUTOS = YES_AGGRESSIVE;
				GCC_WARN_UNUSED_FUNCTION = YES;
				GCC_WARN_UNUSED_VARIABLE = YES;
				IPHONEOS_DEPLOYMENT_TARGET = 15.2;
				LOCALIZATION_PREFERS_STRING_CATALOGS = YES;
				MTL_ENABLE_DEBUG_INFO = INCLUDE_SOURCE;
				MTL_FAST_MATH = YES;
				ONLY_ACTIVE_ARCH = YES;
				SDKROOT = iphoneos;
				SWIFT_ACTIVE_COMPILATION_CONDITIONS = "DEBUG $(inherited)";
				SWIFT_OPTIMIZATION_LEVEL = "-Onone";
			};
			name = Debug;
		};
		DB3D118B2C6199E60067E215 /* Release */ = {
			isa = XCBuildConfiguration;
			buildSettings = {
				ALWAYS_SEARCH_USER_PATHS = NO;
				ASSETCATALOG_COMPILER_GENERATE_SWIFT_ASSET_SYMBOL_EXTENSIONS = YES;
				CLANG_ANALYZER_NONNULL = YES;
				CLANG_ANALYZER_NUMBER_OBJECT_CONVERSION = YES_AGGRESSIVE;
				CLANG_CXX_LANGUAGE_STANDARD = "gnu++20";
				CLANG_ENABLE_MODULES = YES;
				CLANG_ENABLE_OBJC_ARC = YES;
				CLANG_ENABLE_OBJC_WEAK = YES;
				CLANG_WARN_BLOCK_CAPTURE_AUTORELEASING = YES;
				CLANG_WARN_BOOL_CONVERSION = YES;
				CLANG_WARN_COMMA = YES;
				CLANG_WARN_CONSTANT_CONVERSION = YES;
				CLANG_WARN_DEPRECATED_OBJC_IMPLEMENTATIONS = YES;
				CLANG_WARN_DIRECT_OBJC_ISA_USAGE = YES_ERROR;
				CLANG_WARN_DOCUMENTATION_COMMENTS = YES;
				CLANG_WARN_EMPTY_BODY = YES;
				CLANG_WARN_ENUM_CONVERSION = YES;
				CLANG_WARN_INFINITE_RECURSION = YES;
				CLANG_WARN_INT_CONVERSION = YES;
				CLANG_WARN_NON_LITERAL_NULL_CONVERSION = YES;
				CLANG_WARN_OBJC_IMPLICIT_RETAIN_SELF = YES;
				CLANG_WARN_OBJC_LITERAL_CONVERSION = YES;
				CLANG_WARN_OBJC_ROOT_CLASS = YES_ERROR;
				CLANG_WARN_QUOTED_INCLUDE_IN_FRAMEWORK_HEADER = YES;
				CLANG_WARN_RANGE_LOOP_ANALYSIS = YES;
				CLANG_WARN_STRICT_PROTOTYPES = YES;
				CLANG_WARN_SUSPICIOUS_MOVE = YES;
				CLANG_WARN_UNGUARDED_AVAILABILITY = YES_AGGRESSIVE;
				CLANG_WARN_UNREACHABLE_CODE = YES;
				CLANG_WARN__DUPLICATE_METHOD_MATCH = YES;
				COPY_PHASE_STRIP = NO;
				DEBUG_INFORMATION_FORMAT = "dwarf-with-dsym";
				ENABLE_NS_ASSERTIONS = NO;
				ENABLE_STRICT_OBJC_MSGSEND = YES;
				ENABLE_USER_SCRIPT_SANDBOXING = NO;
				GCC_C_LANGUAGE_STANDARD = gnu17;
				GCC_NO_COMMON_BLOCKS = YES;
				GCC_WARN_64_TO_32_BIT_CONVERSION = YES;
				GCC_WARN_ABOUT_RETURN_TYPE = YES_ERROR;
				GCC_WARN_UNDECLARED_SELECTOR = YES;
				GCC_WARN_UNINITIALIZED_AUTOS = YES_AGGRESSIVE;
				GCC_WARN_UNUSED_FUNCTION = YES;
				GCC_WARN_UNUSED_VARIABLE = YES;
				IPHONEOS_DEPLOYMENT_TARGET = 15.2;
				LOCALIZATION_PREFERS_STRING_CATALOGS = YES;
				MTL_ENABLE_DEBUG_INFO = NO;
				MTL_FAST_MATH = YES;
				SDKROOT = iphoneos;
				SWIFT_COMPILATION_MODE = wholemodule;
				VALIDATE_PRODUCT = YES;
			};
			name = Release;
		};
		DB3D118D2C6199E60067E215 /* Debug */ = {
			isa = XCBuildConfiguration;
			baseConfigurationReference = 7687867CE8263CFC0FC021CD /* Pods-TripPlanner3.debug.xcconfig */;
			buildSettings = {
				ASSETCATALOG_COMPILER_APPICON_NAME = AppIcon;
				ASSETCATALOG_COMPILER_GLOBAL_ACCENT_COLOR_NAME = AccentColor;
				CODE_SIGN_STYLE = Automatic;
				CURRENT_PROJECT_VERSION = 1;
				DEVELOPMENT_TEAM = YNH57HH2JR;
				GENERATE_INFOPLIST_FILE = YES;
				INFOPLIST_FILE = TripPlanner3/Info.plist;
				INFOPLIST_KEY_CFBundleDisplayName = "Trip Planner";
				INFOPLIST_KEY_UIApplicationSupportsIndirectInputEvents = YES;
				INFOPLIST_KEY_UILaunchStoryboardName = LaunchScreen;
				INFOPLIST_KEY_UISupportedInterfaceOrientations_iPad = "UIInterfaceOrientationPortrait UIInterfaceOrientationPortraitUpsideDown UIInterfaceOrientationLandscapeLeft UIInterfaceOrientationLandscapeRight";
				INFOPLIST_KEY_UISupportedInterfaceOrientations_iPhone = "UIInterfaceOrientationPortrait UIInterfaceOrientationLandscapeLeft UIInterfaceOrientationLandscapeRight";
				IPHONEOS_DEPLOYMENT_TARGET = 16.0;
				LD_RUNPATH_SEARCH_PATHS = (
					"$(inherited)",
					"@executable_path/Frameworks",
				);
				MARKETING_VERSION = 1.0;
				PRODUCT_BUNDLE_IDENTIFIER = com.hinaldemo.TripPlanner3;
				PRODUCT_NAME = "$(TARGET_NAME)";
				SWIFT_EMIT_LOC_STRINGS = YES;
				SWIFT_VERSION = 5.0;
				TARGETED_DEVICE_FAMILY = "1,2";
			};
			name = Debug;
		};
		DB3D118E2C6199E60067E215 /* Release */ = {
			isa = XCBuildConfiguration;
			baseConfigurationReference = 9FEFD8157563E618C22E404D /* Pods-TripPlanner3.release.xcconfig */;
			buildSettings = {
				ASSETCATALOG_COMPILER_APPICON_NAME = AppIcon;
				ASSETCATALOG_COMPILER_GLOBAL_ACCENT_COLOR_NAME = AccentColor;
				CODE_SIGN_STYLE = Automatic;
				CURRENT_PROJECT_VERSION = 1;
				DEVELOPMENT_TEAM = YNH57HH2JR;
				GENERATE_INFOPLIST_FILE = YES;
				INFOPLIST_FILE = TripPlanner3/Info.plist;
				INFOPLIST_KEY_CFBundleDisplayName = "Trip Planner";
				INFOPLIST_KEY_UIApplicationSupportsIndirectInputEvents = YES;
				INFOPLIST_KEY_UILaunchStoryboardName = LaunchScreen;
				INFOPLIST_KEY_UISupportedInterfaceOrientations_iPad = "UIInterfaceOrientationPortrait UIInterfaceOrientationPortraitUpsideDown UIInterfaceOrientationLandscapeLeft UIInterfaceOrientationLandscapeRight";
				INFOPLIST_KEY_UISupportedInterfaceOrientations_iPhone = "UIInterfaceOrientationPortrait UIInterfaceOrientationLandscapeLeft UIInterfaceOrientationLandscapeRight";
				IPHONEOS_DEPLOYMENT_TARGET = 16.0;
				LD_RUNPATH_SEARCH_PATHS = (
					"$(inherited)",
					"@executable_path/Frameworks",
				);
				MARKETING_VERSION = 1.0;
				PRODUCT_BUNDLE_IDENTIFIER = com.hinaldemo.TripPlanner3;
				PRODUCT_NAME = "$(TARGET_NAME)";
				SWIFT_EMIT_LOC_STRINGS = YES;
				SWIFT_VERSION = 5.0;
				TARGETED_DEVICE_FAMILY = "1,2";
			};
			name = Release;
		};
		DB3D11902C6199E60067E215 /* Debug */ = {
			isa = XCBuildConfiguration;
			buildSettings = {
				ALWAYS_EMBED_SWIFT_STANDARD_LIBRARIES = YES;
				BUNDLE_LOADER = "$(TEST_HOST)";
				CODE_SIGN_STYLE = Automatic;
				CURRENT_PROJECT_VERSION = 1;
				DEVELOPMENT_TEAM = YNH57HH2JR;
				GENERATE_INFOPLIST_FILE = YES;
				IPHONEOS_DEPLOYMENT_TARGET = 17.5;
				MARKETING_VERSION = 1.0;
				PRODUCT_BUNDLE_IDENTIFIER = com.hinaldemo.TripPlanner3Tests;
				PRODUCT_NAME = "$(TARGET_NAME)";
				SWIFT_EMIT_LOC_STRINGS = NO;
				SWIFT_VERSION = 5.0;
				TARGETED_DEVICE_FAMILY = "1,2";
				TEST_HOST = "$(BUILT_PRODUCTS_DIR)/TripPlanner3.app/$(BUNDLE_EXECUTABLE_FOLDER_PATH)/TripPlanner3";
			};
			name = Debug;
		};
		DB3D11912C6199E60067E215 /* Release */ = {
			isa = XCBuildConfiguration;
			buildSettings = {
				ALWAYS_EMBED_SWIFT_STANDARD_LIBRARIES = YES;
				BUNDLE_LOADER = "$(TEST_HOST)";
				CODE_SIGN_STYLE = Automatic;
				CURRENT_PROJECT_VERSION = 1;
				DEVELOPMENT_TEAM = YNH57HH2JR;
				GENERATE_INFOPLIST_FILE = YES;
				IPHONEOS_DEPLOYMENT_TARGET = 17.5;
				MARKETING_VERSION = 1.0;
				PRODUCT_BUNDLE_IDENTIFIER = com.hinaldemo.TripPlanner3Tests;
				PRODUCT_NAME = "$(TARGET_NAME)";
				SWIFT_EMIT_LOC_STRINGS = NO;
				SWIFT_VERSION = 5.0;
				TARGETED_DEVICE_FAMILY = "1,2";
				TEST_HOST = "$(BUILT_PRODUCTS_DIR)/TripPlanner3.app/$(BUNDLE_EXECUTABLE_FOLDER_PATH)/TripPlanner3";
			};
			name = Release;
		};
		DB3D11932C6199E60067E215 /* Debug */ = {
			isa = XCBuildConfiguration;
			buildSettings = {
				ALWAYS_EMBED_SWIFT_STANDARD_LIBRARIES = YES;
				CODE_SIGN_STYLE = Automatic;
				CURRENT_PROJECT_VERSION = 1;
				DEVELOPMENT_TEAM = YNH57HH2JR;
				GENERATE_INFOPLIST_FILE = YES;
				MARKETING_VERSION = 1.0;
				PRODUCT_BUNDLE_IDENTIFIER = com.hinaldemo.TripPlanner3UITests;
				PRODUCT_NAME = "$(TARGET_NAME)";
				SWIFT_EMIT_LOC_STRINGS = NO;
				SWIFT_VERSION = 5.0;
				TARGETED_DEVICE_FAMILY = "1,2";
				TEST_TARGET_NAME = TripPlanner3;
			};
			name = Debug;
		};
		DB3D11942C6199E60067E215 /* Release */ = {
			isa = XCBuildConfiguration;
			buildSettings = {
				ALWAYS_EMBED_SWIFT_STANDARD_LIBRARIES = YES;
				CODE_SIGN_STYLE = Automatic;
				CURRENT_PROJECT_VERSION = 1;
				DEVELOPMENT_TEAM = YNH57HH2JR;
				GENERATE_INFOPLIST_FILE = YES;
				MARKETING_VERSION = 1.0;
				PRODUCT_BUNDLE_IDENTIFIER = com.hinaldemo.TripPlanner3UITests;
				PRODUCT_NAME = "$(TARGET_NAME)";
				SWIFT_EMIT_LOC_STRINGS = NO;
				SWIFT_VERSION = 5.0;
				TARGETED_DEVICE_FAMILY = "1,2";
				TEST_TARGET_NAME = TripPlanner3;
			};
			name = Release;
		};
/* End XCBuildConfiguration section */

/* Begin XCConfigurationList section */
		DB3D115D2C6199E50067E215 /* Build configuration list for PBXProject "TripPlanner3" */ = {
			isa = XCConfigurationList;
			buildConfigurations = (
				DB3D118A2C6199E60067E215 /* Debug */,
				DB3D118B2C6199E60067E215 /* Release */,
			);
			defaultConfigurationIsVisible = 0;
			defaultConfigurationName = Release;
		};
		DB3D118C2C6199E60067E215 /* Build configuration list for PBXNativeTarget "TripPlanner3" */ = {
			isa = XCConfigurationList;
			buildConfigurations = (
				DB3D118D2C6199E60067E215 /* Debug */,
				DB3D118E2C6199E60067E215 /* Release */,
			);
			defaultConfigurationIsVisible = 0;
			defaultConfigurationName = Release;
		};
		DB3D118F2C6199E60067E215 /* Build configuration list for PBXNativeTarget "TripPlanner3Tests" */ = {
			isa = XCConfigurationList;
			buildConfigurations = (
				DB3D11902C6199E60067E215 /* Debug */,
				DB3D11912C6199E60067E215 /* Release */,
			);
			defaultConfigurationIsVisible = 0;
			defaultConfigurationName = Release;
		};
		DB3D11922C6199E60067E215 /* Build configuration list for PBXNativeTarget "TripPlanner3UITests" */ = {
			isa = XCConfigurationList;
			buildConfigurations = (
				DB3D11932C6199E60067E215 /* Debug */,
				DB3D11942C6199E60067E215 /* Release */,
			);
			defaultConfigurationIsVisible = 0;
			defaultConfigurationName = Release;
		};
/* End XCConfigurationList section */

/* Begin XCRemoteSwiftPackageReference section */
		DBC8A0792C96964C0034CA2D /* XCRemoteSwiftPackageReference "OpenAI" */ = {
			isa = XCRemoteSwiftPackageReference;
			repositoryURL = "https://github.com/MacPaw/OpenAI.git";
			requirement = {
				kind = upToNextMajorVersion;
				minimumVersion = 0.3.0;
			};
		};
/* End XCRemoteSwiftPackageReference section */

/* Begin XCSwiftPackageProductDependency section */
		DBC8A07A2C96964C0034CA2D /* OpenAI */ = {
			isa = XCSwiftPackageProductDependency;
			package = DBC8A0792C96964C0034CA2D /* XCRemoteSwiftPackageReference "OpenAI" */;
			productName = OpenAI;
		};
/* End XCSwiftPackageProductDependency section */
	};
	rootObject = DB3D115A2C6199E50067E215 /* Project object */;
}
